
Microsoft Visual Studio Solution File, Format Version 12.00
# Visual Studio Version 17
VisualStudioVersion = 17.6.33829.357
MinimumVisualStudioVersion = 10.0.40219.1
Project("{FAE04EC0-301F-11D3-BF4B-00C04F79EFBC}") = "HW1Task1", "HWTask1\HW1Task1.csproj", "{9FF6A936-69BA-4245-AA9A-47CCCA70ADD0}"
EndProject
Project("{2150E333-8FDC-42A3-9474-1A3956D46DE8}") = "Module1", "Module1", "{7F51917C-6AA0-45BA-AEBA-8C305404FCDC}"
EndProject
Project("{FAE04EC0-301F-11D3-BF4B-00C04F79EFBC}") = "HW1Task2", "HWTask2\HW1Task2.csproj", "{DA26F817-3260-4A8F-AA37-503DBECE8964}"
EndProject
Project("{2150E333-8FDC-42A3-9474-1A3956D46DE8}") = "Module2", "Module2", "{FC37DD4F-681C-4282-BB4C-664E766DD5F4}"
EndProject
Project("{FAE04EC0-301F-11D3-BF4B-00C04F79EFBC}") = "HW2Task1", "HWTask2\HWTask1\HW2Task1.csproj", "{A320EC4F-B826-482F-A11F-2B4E5E5988E3}"
EndProject
Project("{FAE04EC0-301F-11D3-BF4B-00C04F79EFBC}") = "HW2Task2", "HWTask2\HW2Task2\HW2Task2.csproj", "{BAED0C2A-6B9F-4F8F-8A45-818CDB4126B3}"
EndProject
Project("{2150E333-8FDC-42A3-9474-1A3956D46DE8}") = "Module3", "Module3", "{BA4802DD-8DE8-4833-A67E-2619D7BD9CD7}"
EndProject
Project("{FAE04EC0-301F-11D3-BF4B-00C04F79EFBC}") = "HW3Task1", "HW3Task3\HW3Task1.csproj", "{91BE837C-5D46-4C54-82F0-43EA0085FB7A}"
EndProject
Project("{FAE04EC0-301F-11D3-BF4B-00C04F79EFBC}") = "HW3Task2", "HW3Task2\HW3Task2.csproj", "{CF2B83F0-5CBA-4EA3-B14A-04B4B7295FF4}"
EndProject
Project("{FAE04EC0-301F-11D3-BF4B-00C04F79EFBC}") = "HW3Task3", "HW3Task3\HW3Task3.csproj", "{822DCDF9-5272-42B6-BA0A-D2FCACB1BDFE}"
EndProject
Project("{2150E333-8FDC-42A3-9474-1A3956D46DE8}") = "Module4", "Module4", "{4A9546F5-9F32-443B-B4D6-05A7255DDED2}"
EndProject
Project("{FAE04EC0-301F-11D3-BF4B-00C04F79EFBC}") = "HW4Task1", "HW4Task1\HW4Task1.csproj", "{1A7250C8-BD6A-4433-9E5B-4FC68A9D04BA}"
EndProject
Project("{FAE04EC0-301F-11D3-BF4B-00C04F79EFBC}") = "HW4Task2", "HW4Task2\HW4Task2.csproj", "{955B85AB-B25F-475E-96B5-5A3CC4C6DCB2}"
EndProject
Project("{FAE04EC0-301F-11D3-BF4B-00C04F79EFBC}") = "HW4Task3", "HW4Task3\HW4Task3.csproj", "{239BF0D3-D481-4D5A-8A45-14416B6B8B10}"
EndProject
Project("{2150E333-8FDC-42A3-9474-1A3956D46DE8}") = "Module5", "Module5", "{CC126F59-9C59-44FB-82FD-9A31A03FBDF2}"
EndProject
Project("{FAE04EC0-301F-11D3-BF4B-00C04F79EFBC}") = "HW5Task", "HW5Task\HW5Task.csproj", "{DAA08F1A-92C6-49D5-A36E-74D577DE8F3C}"
EndProject
Project("{2150E333-8FDC-42A3-9474-1A3956D46DE8}") = "Module6", "Module6", "{A5E8E1F4-770D-45CC-B672-1DB042F6CEA3}"
EndProject
Project("{FAE04EC0-301F-11D3-BF4B-00C04F79EFBC}") = "HW6Task", "HW6Task\HW6Task.csproj", "{B9DAACA2-B75B-4269-8C9B-C4EFE63343C7}"
EndProject
Project("{2150E333-8FDC-42A3-9474-1A3956D46DE8}") = "Module7", "Module7", "{4BED7DD2-AE3D-4452-AC23-A68CE6C53E5B}"
EndProject
Project("{FAE04EC0-301F-11D3-BF4B-00C04F79EFBC}") = "HW7Task", "HW7Task\HW7Task.csproj", "{65CF0534-C62F-4484-B913-CF0EF869A68B}"
EndProject
Project("{2150E333-8FDC-42A3-9474-1A3956D46DE8}") = "Module8", "Module8", "{F4643B4B-E227-4B1F-902E-6A89879B03DC}"
EndProject
Project("{FAE04EC0-301F-11D3-BF4B-00C04F79EFBC}") = "HW8Task1", "HW8Task1\HW8Task1.csproj", "{F24707C5-91B0-407D-9E23-E035E60335F4}"
EndProject
Project("{FAE04EC0-301F-11D3-BF4B-00C04F79EFBC}") = "HW2Task2", "HW2Task2\HW2Task2.csproj", "{2B86368E-E0AF-4531-B5A2-BB54F039B3B7}"
EndProject
Project("{FAE04EC0-301F-11D3-BF4B-00C04F79EFBC}") = "HW8Task3", "HW8Task3\HW8Task3.csproj", "{7DDE43C8-AD4C-4B93-98BD-0ACF1A1571A3}"
EndProject
Project("{FAE04EC0-301F-11D3-BF4B-00C04F79EFBC}") = "HW8Task4", "HW8Task4\HW8Task4.csproj", "{0FF4C388-3A59-4993-842C-387F3783202A}"
EndProject
Project("{2150E333-8FDC-42A3-9474-1A3956D46DE8}") = "Module9", "Module9", "{67D67FAC-3A46-4CA8-97EB-38F742D8FB89}"
EndProject
Global
	GlobalSection(SolutionConfigurationPlatforms) = preSolution
		Debug|Any CPU = Debug|Any CPU
		Release|Any CPU = Release|Any CPU
	EndGlobalSection
	GlobalSection(ProjectConfigurationPlatforms) = postSolution
		{9FF6A936-69BA-4245-AA9A-47CCCA70ADD0}.Debug|Any CPU.ActiveCfg = Debug|Any CPU
		{9FF6A936-69BA-4245-AA9A-47CCCA70ADD0}.Debug|Any CPU.Build.0 = Debug|Any CPU
		{9FF6A936-69BA-4245-AA9A-47CCCA70ADD0}.Release|Any CPU.ActiveCfg = Release|Any CPU
		{9FF6A936-69BA-4245-AA9A-47CCCA70ADD0}.Release|Any CPU.Build.0 = Release|Any CPU
		{DA26F817-3260-4A8F-AA37-503DBECE8964}.Debug|Any CPU.ActiveCfg = Debug|Any CPU
		{DA26F817-3260-4A8F-AA37-503DBECE8964}.Debug|Any CPU.Build.0 = Debug|Any CPU
		{DA26F817-3260-4A8F-AA37-503DBECE8964}.Release|Any CPU.ActiveCfg = Release|Any CPU
		{DA26F817-3260-4A8F-AA37-503DBECE8964}.Release|Any CPU.Build.0 = Release|Any CPU
		{A320EC4F-B826-482F-A11F-2B4E5E5988E3}.Debug|Any CPU.ActiveCfg = Debug|Any CPU
		{A320EC4F-B826-482F-A11F-2B4E5E5988E3}.Debug|Any CPU.Build.0 = Debug|Any CPU
		{A320EC4F-B826-482F-A11F-2B4E5E5988E3}.Release|Any CPU.ActiveCfg = Release|Any CPU
		{A320EC4F-B826-482F-A11F-2B4E5E5988E3}.Release|Any CPU.Build.0 = Release|Any CPU
		{BAED0C2A-6B9F-4F8F-8A45-818CDB4126B3}.Debug|Any CPU.ActiveCfg = Debug|Any CPU
		{BAED0C2A-6B9F-4F8F-8A45-818CDB4126B3}.Debug|Any CPU.Build.0 = Debug|Any CPU
		{BAED0C2A-6B9F-4F8F-8A45-818CDB4126B3}.Release|Any CPU.ActiveCfg = Release|Any CPU
		{BAED0C2A-6B9F-4F8F-8A45-818CDB4126B3}.Release|Any CPU.Build.0 = Release|Any CPU
		{91BE837C-5D46-4C54-82F0-43EA0085FB7A}.Debug|Any CPU.ActiveCfg = Debug|Any CPU
		{91BE837C-5D46-4C54-82F0-43EA0085FB7A}.Debug|Any CPU.Build.0 = Debug|Any CPU
		{91BE837C-5D46-4C54-82F0-43EA0085FB7A}.Release|Any CPU.ActiveCfg = Release|Any CPU
		{91BE837C-5D46-4C54-82F0-43EA0085FB7A}.Release|Any CPU.Build.0 = Release|Any CPU
		{CF2B83F0-5CBA-4EA3-B14A-04B4B7295FF4}.Debug|Any CPU.ActiveCfg = Debug|Any CPU
		{CF2B83F0-5CBA-4EA3-B14A-04B4B7295FF4}.Debug|Any CPU.Build.0 = Debug|Any CPU
		{CF2B83F0-5CBA-4EA3-B14A-04B4B7295FF4}.Release|Any CPU.ActiveCfg = Release|Any CPU
		{CF2B83F0-5CBA-4EA3-B14A-04B4B7295FF4}.Release|Any CPU.Build.0 = Release|Any CPU
		{822DCDF9-5272-42B6-BA0A-D2FCACB1BDFE}.Debug|Any CPU.ActiveCfg = Debug|Any CPU
		{822DCDF9-5272-42B6-BA0A-D2FCACB1BDFE}.Debug|Any CPU.Build.0 = Debug|Any CPU
		{822DCDF9-5272-42B6-BA0A-D2FCACB1BDFE}.Release|Any CPU.ActiveCfg = Release|Any CPU
		{822DCDF9-5272-42B6-BA0A-D2FCACB1BDFE}.Release|Any CPU.Build.0 = Release|Any CPU
		{1A7250C8-BD6A-4433-9E5B-4FC68A9D04BA}.Debug|Any CPU.ActiveCfg = Debug|Any CPU
		{1A7250C8-BD6A-4433-9E5B-4FC68A9D04BA}.Debug|Any CPU.Build.0 = Debug|Any CPU
		{1A7250C8-BD6A-4433-9E5B-4FC68A9D04BA}.Release|Any CPU.ActiveCfg = Release|Any CPU
		{1A7250C8-BD6A-4433-9E5B-4FC68A9D04BA}.Release|Any CPU.Build.0 = Release|Any CPU
		{955B85AB-B25F-475E-96B5-5A3CC4C6DCB2}.Debug|Any CPU.ActiveCfg = Debug|Any CPU
		{955B85AB-B25F-475E-96B5-5A3CC4C6DCB2}.Debug|Any CPU.Build.0 = Debug|Any CPU
		{955B85AB-B25F-475E-96B5-5A3CC4C6DCB2}.Release|Any CPU.ActiveCfg = Release|Any CPU
		{955B85AB-B25F-475E-96B5-5A3CC4C6DCB2}.Release|Any CPU.Build.0 = Release|Any CPU
		{239BF0D3-D481-4D5A-8A45-14416B6B8B10}.Debug|Any CPU.ActiveCfg = Debug|Any CPU
		{239BF0D3-D481-4D5A-8A45-14416B6B8B10}.Debug|Any CPU.Build.0 = Debug|Any CPU
		{239BF0D3-D481-4D5A-8A45-14416B6B8B10}.Release|Any CPU.ActiveCfg = Release|Any CPU
		{239BF0D3-D481-4D5A-8A45-14416B6B8B10}.Release|Any CPU.Build.0 = Release|Any CPU
		{DAA08F1A-92C6-49D5-A36E-74D577DE8F3C}.Debug|Any CPU.ActiveCfg = Debug|Any CPU
		{DAA08F1A-92C6-49D5-A36E-74D577DE8F3C}.Debug|Any CPU.Build.0 = Debug|Any CPU
		{DAA08F1A-92C6-49D5-A36E-74D577DE8F3C}.Release|Any CPU.ActiveCfg = Release|Any CPU
		{DAA08F1A-92C6-49D5-A36E-74D577DE8F3C}.Release|Any CPU.Build.0 = Release|Any CPU
		{B9DAACA2-B75B-4269-8C9B-C4EFE63343C7}.Debug|Any CPU.ActiveCfg = Debug|Any CPU
		{B9DAACA2-B75B-4269-8C9B-C4EFE63343C7}.Debug|Any CPU.Build.0 = Debug|Any CPU
		{B9DAACA2-B75B-4269-8C9B-C4EFE63343C7}.Release|Any CPU.ActiveCfg = Release|Any CPU
		{B9DAACA2-B75B-4269-8C9B-C4EFE63343C7}.Release|Any CPU.Build.0 = Release|Any CPU
		{65CF0534-C62F-4484-B913-CF0EF869A68B}.Debug|Any CPU.ActiveCfg = Debug|Any CPU
		{65CF0534-C62F-4484-B913-CF0EF869A68B}.Debug|Any CPU.Build.0 = Debug|Any CPU
		{65CF0534-C62F-4484-B913-CF0EF869A68B}.Release|Any CPU.ActiveCfg = Release|Any CPU
		{65CF0534-C62F-4484-B913-CF0EF869A68B}.Release|Any CPU.Build.0 = Release|Any CPU
		{F24707C5-91B0-407D-9E23-E035E60335F4}.Debug|Any CPU.ActiveCfg = Debug|Any CPU
		{F24707C5-91B0-407D-9E23-E035E60335F4}.Debug|Any CPU.Build.0 = Debug|Any CPU
		{F24707C5-91B0-407D-9E23-E035E60335F4}.Release|Any CPU.ActiveCfg = Release|Any CPU
		{F24707C5-91B0-407D-9E23-E035E60335F4}.Release|Any CPU.Build.0 = Release|Any CPU
		{2B86368E-E0AF-4531-B5A2-BB54F039B3B7}.Debug|Any CPU.ActiveCfg = Debug|Any CPU
		{2B86368E-E0AF-4531-B5A2-BB54F039B3B7}.Debug|Any CPU.Build.0 = Debug|Any CPU
		{2B86368E-E0AF-4531-B5A2-BB54F039B3B7}.Release|Any CPU.ActiveCfg = Release|Any CPU
		{2B86368E-E0AF-4531-B5A2-BB54F039B3B7}.Release|Any CPU.Build.0 = Release|Any CPU
		{7DDE43C8-AD4C-4B93-98BD-0ACF1A1571A3}.Debug|Any CPU.ActiveCfg = Debug|Any CPU
		{7DDE43C8-AD4C-4B93-98BD-0ACF1A1571A3}.Debug|Any CPU.Build.0 = Debug|Any CPU
		{7DDE43C8-AD4C-4B93-98BD-0ACF1A1571A3}.Release|Any CPU.ActiveCfg = Release|Any CPU
		{7DDE43C8-AD4C-4B93-98BD-0ACF1A1571A3}.Release|Any CPU.Build.0 = Release|Any CPU
		{0FF4C388-3A59-4993-842C-387F3783202A}.Debug|Any CPU.ActiveCfg = Debug|Any CPU
		{0FF4C388-3A59-4993-842C-387F3783202A}.Debug|Any CPU.Build.0 = Debug|Any CPU
		{0FF4C388-3A59-4993-842C-387F3783202A}.Release|Any CPU.ActiveCfg = Release|Any CPU
		{0FF4C388-3A59-4993-842C-387F3783202A}.Release|Any CPU.Build.0 = Release|Any CPU
	EndGlobalSection
	GlobalSection(SolutionProperties) = preSolution
		HideSolutionNode = FALSE
	EndGlobalSection
	GlobalSection(NestedProjects) = preSolution
		{9FF6A936-69BA-4245-AA9A-47CCCA70ADD0} = {7F51917C-6AA0-45BA-AEBA-8C305404FCDC}
		{DA26F817-3260-4A8F-AA37-503DBECE8964} = {7F51917C-6AA0-45BA-AEBA-8C305404FCDC}
		{A320EC4F-B826-482F-A11F-2B4E5E5988E3} = {FC37DD4F-681C-4282-BB4C-664E766DD5F4}
		{BAED0C2A-6B9F-4F8F-8A45-818CDB4126B3} = {FC37DD4F-681C-4282-BB4C-664E766DD5F4}
		{91BE837C-5D46-4C54-82F0-43EA0085FB7A} = {BA4802DD-8DE8-4833-A67E-2619D7BD9CD7}
		{CF2B83F0-5CBA-4EA3-B14A-04B4B7295FF4} = {BA4802DD-8DE8-4833-A67E-2619D7BD9CD7}
		{822DCDF9-5272-42B6-BA0A-D2FCACB1BDFE} = {BA4802DD-8DE8-4833-A67E-2619D7BD9CD7}
		{1A7250C8-BD6A-4433-9E5B-4FC68A9D04BA} = {4A9546F5-9F32-443B-B4D6-05A7255DDED2}
		{955B85AB-B25F-475E-96B5-5A3CC4C6DCB2} = {4A9546F5-9F32-443B-B4D6-05A7255DDED2}
		{239BF0D3-D481-4D5A-8A45-14416B6B8B10} = {4A9546F5-9F32-443B-B4D6-05A7255DDED2}
		{DAA08F1A-92C6-49D5-A36E-74D577DE8F3C} = {CC126F59-9C59-44FB-82FD-9A31A03FBDF2}
		{B9DAACA2-B75B-4269-8C9B-C4EFE63343C7} = {A5E8E1F4-770D-45CC-B672-1DB042F6CEA3}
		{65CF0534-C62F-4484-B913-CF0EF869A68B} = {4BED7DD2-AE3D-4452-AC23-A68CE6C53E5B}
		{F24707C5-91B0-407D-9E23-E035E60335F4} = {F4643B4B-E227-4B1F-902E-6A89879B03DC}
		{2B86368E-E0AF-4531-B5A2-BB54F039B3B7} = {F4643B4B-E227-4B1F-902E-6A89879B03DC}
		{7DDE43C8-AD4C-4B93-98BD-0ACF1A1571A3} = {F4643B4B-E227-4B1F-902E-6A89879B03DC}
		{0FF4C388-3A59-4993-842C-387F3783202A} = {F4643B4B-E227-4B1F-902E-6A89879B03DC}
	EndGlobalSection
	GlobalSection(ExtensibilityGlobals) = postSolution
		SolutionGuid = {494FB830-FD42-4B39-8841-657B1257B6FA}
	EndGlobalSection
EndGlobal
